<?xml version="1.0" encoding="UTF-8" standalone="yes" ?>
<CodeBlocks_project_file>
	<FileVersion major="1" minor="6" />
	<Project>
		<Option title="CppConcurrencyInAction" />
		<Option pch_mode="2" />
		<Option compiler="null" />
		<Build>
			<Target title="Debug">
				<Option output="bin/Debug/CppConcurrencyInAction" prefix_auto="1" extension_auto="1" />
				<Option object_output="obj/Debug/" />
				<Option type="1" />
				<Option compiler="null" />
			</Target>
			<Target title="Release">
				<Option output="bin/Release/CppConcurrencyInAction" prefix_auto="1" extension_auto="1" />
				<Option object_output="obj/Release/" />
				<Option type="1" />
				<Option compiler="null" />
			</Target>
		</Build>
		<Unit filename="src/helloConcurrentWorld/main.cpp" />
		<Unit filename="src/hierarchicalMutex.hpp" />
		<Unit filename="src/scopedThread.hpp" />
		<Unit filename="src/threadGuard.hpp" />
		<Unit filename="src/threadSafeQueue.hpp" />
		<Unit filename="src/threadSafeStack.hpp" />
		<Extensions>
			<code_completion>
				<search_path add="C:\MSYS32\mingw32\include" />
				<search_path add="C:\MSYS32\mingw32\include\c++\7.4.0" />
				<search_path add="C:\MSYS32\usr\include" />
				<search_path add="C:\MSYS32\mingw32\i686-w64-mingw32\include" />
			</code_completion>
			<envvars />
			<debugger />
			<lib_finder disable_auto="1" />
		</Extensions>
	</Project>
</CodeBlocks_project_file>
